
Microsoft Visual Studio Solution File, Format Version 12.00
# Visual Studio Version 17
VisualStudioVersion = 17.5.002.0
MinimumVisualStudioVersion = 10.0.40219.1
Project("{9A19103F-16F7-4668-BE54-9A1E7A4F7556}") = "api", "api\api.csproj", "{3924AD10-24A8-4D62-A4EF-BD66275E4C48}"
EndProject
Global
	GlobalSection(SolutionConfigurationPlatforms) = preSolution
		Debug|Any CPU = Debug|Any CPU
		Release|Any CPU = Release|Any CPU
	EndGlobalSection
	GlobalSection(ProjectConfigurationPlatforms) = postSolution
		{3924AD10-24A8-4D62-A4EF-BD66275E4C48}.Debug|Any CPU.ActiveCfg = Debug|Any CPU
		{3924AD10-24A8-4D62-A4EF-BD66275E4C48}.Debug|Any CPU.Build.0 = Debug|Any CPU
		{3924AD10-24A8-4D62-A4EF-BD66275E4C48}.Release|Any CPU.ActiveCfg = Release|Any CPU
		{3924AD10-24A8-4D62-A4EF-BD66275E4C48}.Release|Any CPU.Build.0 = Release|Any CPU
	EndGlobalSection
	GlobalSection(SolutionProperties) = preSolution
		HideSolutionNode = FALSE
	EndGlobalSection
	GlobalSection(ExtensibilityGlobals) = postSolution
		SolutionGuid = {0310D7E3-11C6-497D-AA0B-12F366604CE3}
	EndGlobalSection
EndGlobal
